// !$*UTF8*$!
{
	archiveVersion = 1;
	classes = {
	};
	objectVersion = 46;
	objects = {

/* Begin PBXBuildFile section */
		A9A637231DC3437400545EC6 /* main.m in Sources */ = {isa = PBXBuildFile; fileRef = A9A637221DC3437400545EC6 /* main.m */; };
		A9A637261DC3437400545EC6 /* AppDelegate.m in Sources */ = {isa = PBXBuildFile; fileRef = A9A637251DC3437400545EC6 /* AppDelegate.m */; };
		A9A637291DC3437400545EC6 /* ViewController.m in Sources */ = {isa = PBXBuildFile; fileRef = A9A637281DC3437400545EC6 /* ViewController.m */; };
		A9A6372C1DC3437400545EC6 /* Main.storyboard in Resources */ = {isa = PBXBuildFile; fileRef = A9A6372A1DC3437400545EC6 /* Main.storyboard */; };
		A9A6372E1DC3437400545EC6 /* Assets.xcassets in Resources */ = {isa = PBXBuildFile; fileRef = A9A6372D1DC3437400545EC6 /* Assets.xcassets */; };
		A9A637311DC3437400545EC6 /* LaunchScreen.storyboard in Resources */ = {isa = PBXBuildFile; fileRef = A9A6372F1DC3437400545EC6 /* LaunchScreen.storyboard */; };
		A9A6373C1DC3437400545EC6 /* ViewControllerFullScreenTests.m in Sources */ = {isa = PBXBuildFile; fileRef = A9A6373B1DC3437400545EC6 /* ViewControllerFullScreenTests.m */; };
		A9A637471DC3437400545EC6 /* ViewControllerFullScreenUITests.m in Sources */ = {isa = PBXBuildFile; fileRef = A9A637461DC3437400545EC6 /* ViewControllerFullScreenUITests.m */; };
		A9A637571DC343AD00545EC6 /* UIViewController+FullScreen.m in Sources */ = {isa = PBXBuildFile; fileRef = A9A637561DC343AD00545EC6 /* UIViewController+FullScreen.m */; };
/* End PBXBuildFile section */

/* Begin PBXContainerItemProxy section */
		A9A637381DC3437400545EC6 /* PBXContainerItemProxy */ = {
			isa = PBXContainerItemProxy;
			containerPortal = A9A637161DC3437400545EC6 /* Project object */;
			proxyType = 1;
			remoteGlobalIDString = A9A6371D1DC3437400545EC6;
			remoteInfo = ViewControllerFullScreen;
		};
		A9A637431DC3437400545EC6 /* PBXContainerItemProxy */ = {
			isa = PBXContainerItemProxy;
			containerPortal = A9A637161DC3437400545EC6 /* Project object */;
			proxyType = 1;
			remoteGlobalIDString = A9A6371D1DC3437400545EC6;
			remoteInfo = ViewControllerFullScreen;
		};
/* End PBXContainerItemProxy section */

/* Begin PBXFileReference section */
		A9A6371E1DC3437400545EC6 /* ViewControllerFullScreen.app */ = {isa = PBXFileReference; explicitFileType = wrapper.application; includeInIndex = 0; path = ViewControllerFullScreen.app; sourceTree = BUILT_PRODUCTS_DIR; };
		A9A637221DC3437400545EC6 /* main.m */ = {isa = PBXFileReference; lastKnownFileType = sourcecode.c.objc; path = main.m; sourceTree = "<group>"; };
		A9A637241DC3437400545EC6 /* AppDelegate.h */ = {isa = PBXFileReference; lastKnownFileType = sourcecode.c.h; path = AppDelegate.h; sourceTree = "<group>"; };
		A9A637251DC3437400545EC6 /* AppDelegate.m */ = {isa = PBXFileReference; lastKnownFileType = sourcecode.c.objc; path = AppDelegate.m; sourceTree = "<group>"; };
		A9A637271DC3437400545EC6 /* ViewController.h */ = {isa = PBXFileReference; lastKnownFileType = sourcecode.c.h; path = ViewController.h; sourceTree = "<group>"; };
		A9A637281DC3437400545EC6 /* ViewController.m */ = {isa = PBXFileReference; lastKnownFileType = sourcecode.c.objc; path = ViewController.m; sourceTree = "<group>"; };
		A9A6372B1DC3437400545EC6 /* Base */ = {isa = PBXFileReference; lastKnownFileType = file.storyboard; name = Base; path = Base.lproj/Main.storyboard; sourceTree = "<group>"; };
		A9A6372D1DC3437400545EC6 /* Assets.xcassets */ = {isa = PBXFileReference; lastKnownFileType = folder.assetcatalog; path = Assets.xcassets; sourceTree = "<group>"; };
		A9A637301DC3437400545EC6 /* Base */ = {isa = PBXFileReference; lastKnownFileType = file.storyboard; name = Base; path = Base.lproj/LaunchScreen.storyboard; sourceTree = "<group>"; };
		A9A637321DC3437400545EC6 /* Info.plist */ = {isa = PBXFileReference; lastKnownFileType = text.plist.xml; path = Info.plist; sourceTree = "<group>"; };
		A9A637371DC3437400545EC6 /* ViewControllerFullScreenTests.xctest */ = {isa = PBXFileReference; explicitFileType = wrapper.cfbundle; includeInIndex = 0; path = ViewControllerFullScreenTests.xctest; sourceTree = BUILT_PRODUCTS_DIR; };
		A9A6373B1DC3437400545EC6 /* ViewControllerFullScreenTests.m */ = {isa = PBXFileReference; lastKnownFileType = sourcecode.c.objc; path = ViewControllerFullScreenTests.m; sourceTree = "<group>"; };
		A9A6373D1DC3437400545EC6 /* Info.plist */ = {isa = PBXFileReference; lastKnownFileType = text.plist.xml; path = Info.plist; sourceTree = "<group>"; };
		A9A637421DC3437400545EC6 /* ViewControllerFullScreenUITests.xctest */ = {isa = PBXFileReference; explicitFileType = wrapper.cfbundle; includeInIndex = 0; path = ViewControllerFullScreenUITests.xctest; sourceTree = BUILT_PRODUCTS_DIR; };
		A9A637461DC3437400545EC6 /* ViewControllerFullScreenUITests.m */ = {isa = PBXFileReference; lastKnownFileType = sourcecode.c.objc; path = ViewControllerFullScreenUITests.m; sourceTree = "<group>"; };
		A9A637481DC3437400545EC6 /* Info.plist */ = {isa = PBXFileReference; lastKnownFileType = text.plist.xml; path = Info.plist; sourceTree = "<group>"; };
		A9A637551DC343AD00545EC6 /* UIViewController+FullScreen.h */ = {isa = PBXFileReference; fileEncoding = 4; lastKnownFileType = sourcecode.c.h; path = "UIViewController+FullScreen.h"; sourceTree = "<group>"; };
		A9A637561DC343AD00545EC6 /* UIViewController+FullScreen.m */ = {isa = PBXFileReference; fileEncoding = 4; lastKnownFileType = sourcecode.c.objc; path = "UIViewController+FullScreen.m"; sourceTree = "<group>"; };
/* End PBXFileReference section */

/* Begin PBXFrameworksBuildPhase section */
		A9A6371B1DC3437400545EC6 /* Frameworks */ = {
			isa = PBXFrameworksBuildPhase;
			buildActionMask = 2147483647;
			files = (
			);
			runOnlyForDeploymentPostprocessing = 0;
		};
		A9A637341DC3437400545EC6 /* Frameworks */ = {
			isa = PBXFrameworksBuildPhase;
			buildActionMask = 2147483647;
			files = (
			);
			runOnlyForDeploymentPostprocessing = 0;
		};
		A9A6373F1DC3437400545EC6 /* Frameworks */ = {
			isa = PBXFrameworksBuildPhase;
			buildActionMask = 2147483647;
			files = (
			);
			runOnlyForDeploymentPostprocessing = 0;
		};
/* End PBXFrameworksBuildPhase section */

/* Begin PBXGroup section */
		A9A637151DC3437400545EC6 = {
			isa = PBXGroup;
			children = (
				A9A637201DC3437400545EC6 /* ViewControllerFullScreen */,
				A9A6373A1DC3437400545EC6 /* ViewControllerFullScreenTests */,
				A9A637451DC3437400545EC6 /* ViewControllerFullScreenUITests */,
				A9A6371F1DC3437400545EC6 /* Products */,
			);
			sourceTree = "<group>";
		};
		A9A6371F1DC3437400545EC6 /* Products */ = {
			isa = PBXGroup;
			children = (
				A9A6371E1DC3437400545EC6 /* ViewControllerFullScreen.app */,
				A9A637371DC3437400545EC6 /* ViewControllerFullScreenTests.xctest */,
				A9A637421DC3437400545EC6 /* ViewControllerFullScreenUITests.xctest */,
			);
			name = Products;
			sourceTree = "<group>";
		};
		A9A637201DC3437400545EC6 /* ViewControllerFullScreen */ = {
			isa = PBXGroup;
			children = (
				A9A637541DC343AD00545EC6 /* ViewControllerFullScreen */,
				A9A637241DC3437400545EC6 /* AppDelegate.h */,
				A9A637251DC3437400545EC6 /* AppDelegate.m */,
				A9A637271DC3437400545EC6 /* ViewController.h */,
				A9A637281DC3437400545EC6 /* ViewController.m */,
				A9A6372A1DC3437400545EC6 /* Main.storyboard */,
				A9A6372D1DC3437400545EC6 /* Assets.xcassets */,
				A9A6372F1DC3437400545EC6 /* LaunchScreen.storyboard */,
				A9A637321DC3437400545EC6 /* Info.plist */,
				A9A637211DC3437400545EC6 /* Supporting Files */,
			);
			path = ViewControllerFullScreen;
			sourceTree = "<group>";
		};
		A9A637211DC3437400545EC6 /* Supporting Files */ = {
			isa = PBXGroup;
			children = (
				A9A637221DC3437400545EC6 /* main.m */,
			);
			name = "Supporting Files";
			sourceTree = "<group>";
		};
		A9A6373A1DC3437400545EC6 /* ViewControllerFullScreenTests */ = {
			isa = PBXGroup;
			children = (
				A9A6373B1DC3437400545EC6 /* ViewControllerFullScreenTests.m */,
				A9A6373D1DC3437400545EC6 /* Info.plist */,
			);
			path = ViewControllerFullScreenTests;
			sourceTree = "<group>";
		};
		A9A637451DC3437400545EC6 /* ViewControllerFullScreenUITests */ = {
			isa = PBXGroup;
			children = (
				A9A637461DC3437400545EC6 /* ViewControllerFullScreenUITests.m */,
				A9A637481DC3437400545EC6 /* Info.plist */,
			);
			path = ViewControllerFullScreenUITests;
			sourceTree = "<group>";
		};
		A9A637541DC343AD00545EC6 /* ViewControllerFullScreen */ = {
			isa = PBXGroup;
			children = (
				A9A637551DC343AD00545EC6 /* UIViewController+FullScreen.h */,
				A9A637561DC343AD00545EC6 /* UIViewController+FullScreen.m */,
			);
			path = ViewControllerFullScreen;
			sourceTree = "<group>";
		};
/* End PBXGroup section */

/* Begin PBXNativeTarget section */
		A9A6371D1DC3437400545EC6 /* ViewControllerFullScreen */ = {
			isa = PBXNativeTarget;
			buildConfigurationList = A9A6374B1DC3437400545EC6 /* Build configuration list for PBXNativeTarget "ViewControllerFullScreen" */;
			buildPhases = (
				A9A6371A1DC3437400545EC6 /* Sources */,
				A9A6371B1DC3437400545EC6 /* Frameworks */,
				A9A6371C1DC3437400545EC6 /* Resources */,
			);
			buildRules = (
			);
			dependencies = (
			);
			name = ViewControllerFullScreen;
			productName = ViewControllerFullScreen;
			productReference = A9A6371E1DC3437400545EC6 /* ViewControllerFullScreen.app */;
			productType = "com.apple.product-type.application";
		};
		A9A637361DC3437400545EC6 /* ViewControllerFullScreenTests */ = {
			isa = PBXNativeTarget;
			buildConfigurationList = A9A6374E1DC3437400545EC6 /* Build configuration list for PBXNativeTarget "ViewControllerFullScreenTests" */;
			buildPhases = (
				A9A637331DC3437400545EC6 /* Sources */,
				A9A637341DC3437400545EC6 /* Frameworks */,
				A9A637351DC3437400545EC6 /* Resources */,
			);
			buildRules = (
			);
			dependencies = (
				A9A637391DC3437400545EC6 /* PBXTargetDependency */,
			);
			name = ViewControllerFullScreenTests;
			productName = ViewControllerFullScreenTests;
			productReference = A9A637371DC3437400545EC6 /* ViewControllerFullScreenTests.xctest */;
			productType = "com.apple.product-type.bundle.unit-test";
		};
		A9A637411DC3437400545EC6 /* ViewControllerFullScreenUITests */ = {
			isa = PBXNativeTarget;
			buildConfigurationList = A9A637511DC3437400545EC6 /* Build configuration list for PBXNativeTarget "ViewControllerFullScreenUITests" */;
			buildPhases = (
				A9A6373E1DC3437400545EC6 /* Sources */,
				A9A6373F1DC3437400545EC6 /* Frameworks */,
				A9A637401DC3437400545EC6 /* Resources */,
			);
			buildRules = (
			);
			dependencies = (
				A9A637441DC3437400545EC6 /* PBXTargetDependency */,
			);
			name = ViewControllerFullScreenUITests;
			productName = ViewControllerFullScreenUITests;
			productReference = A9A637421DC3437400545EC6 /* ViewControllerFullScreenUITests.xctest */;
			productType = "com.apple.product-type.bundle.ui-testing";
		};
/* End PBXNativeTarget section */

/* Begin PBXProject section */
		A9A637161DC3437400545EC6 /* Project object */ = {
			isa = PBXProject;
			attributes = {
				LastUpgradeCheck = 0800;
				ORGANIZATIONNAME = ylchun;
				TargetAttributes = {
					A9A6371D1DC3437400545EC6 = {
						CreatedOnToolsVersion = 8.0;
						ProvisioningStyle = Automatic;
					};
					A9A637361DC3437400545EC6 = {
						CreatedOnToolsVersion = 8.0;
						ProvisioningStyle = Automatic;
						TestTargetID = A9A6371D1DC3437400545EC6;
					};
					A9A637411DC3437400545EC6 = {
						CreatedOnToolsVersion = 8.0;
						ProvisioningStyle = Automatic;
						TestTargetID = A9A6371D1DC3437400545EC6;
					};
				};
			};
			buildConfigurationList = A9A637191DC3437400545EC6 /* Build configuration list for PBXProject "ViewControllerFullScreen" */;
			compatibilityVersion = "Xcode 3.2";
			developmentRegion = English;
			hasScannedForEncodings = 0;
			knownRegions = (
				en,
				Base,
			);
			mainGroup = A9A637151DC3437400545EC6;
			productRefGroup = A9A6371F1DC3437400545EC6 /* Products */;
			projectDirPath = "";
			projectRoot = "";
			targets = (
				A9A6371D1DC3437400545EC6 /* ViewControllerFullScreen */,
				A9A637361DC3437400545EC6 /* ViewControllerFullScreenTests */,
				A9A637411DC3437400545EC6 /* ViewControllerFullScreenUITests */,
			);
		};
/* End PBXProject section */

/* Begin PBXResourcesBuildPhase section */
		A9A6371C1DC3437400545EC6 /* Resources */ = {
			isa = PBXResourcesBuildPhase;
			buildActionMask = 2147483647;
			files = (
				A9A637311DC3437400545EC6 /* LaunchScreen.storyboard in Resources */,
				A9A6372E1DC3437400545EC6 /* Assets.xcassets in Resources */,
				A9A6372C1DC3437400545EC6 /* Main.storyboard in Resources */,
			);
			runOnlyForDeploymentPostprocessing = 0;
		};
		A9A637351DC3437400545EC6 /* Resources */ = {
			isa = PBXResourcesBuildPhase;
			buildActionMask = 2147483647;
			files = (
			);
			runOnlyForDeploymentPostprocessing = 0;
		};
		A9A637401DC3437400545EC6 /* Resources */ = {
			isa = PBXResourcesBuildPhase;
			buildActionMask = 2147483647;
			files = (
			);
			runOnlyForDeploymentPostprocessing = 0;
		};
/* End PBXResourcesBuildPhase section */

/* Begin PBXSourcesBuildPhase section */
		A9A6371A1DC3437400545EC6 /* Sources */ = {
			isa = PBXSourcesBuildPhase;
			buildActionMask = 2147483647;
			files = (
				A9A637291DC3437400545EC6 /* ViewController.m in Sources */,
				A9A637261DC3437400545EC6 /* AppDelegate.m in Sources */,
				A9A637231DC3437400545EC6 /* main.m in Sources */,
				A9A637571DC343AD00545EC6 /* UIViewController+FullScreen.m in Sources */,
			);
			runOnlyForDeploymentPostprocessing = 0;
		};
		A9A637331DC3437400545EC6 /* Sources */ = {
			isa = PBXSourcesBuildPhase;
			buildActionMask = 2147483647;
			files = (
				A9A6373C1DC3437400545EC6 /* ViewControllerFullScreenTests.m in Sources */,
			);
			runOnlyForDeploymentPostprocessing = 0;
		};
		A9A6373E1DC3437400545EC6 /* Sources */ = {
			isa = PBXSourcesBuildPhase;
			buildActionMask = 2147483647;
			files = (
				A9A637471DC3437400545EC6 /* ViewControllerFullScreenUITests.m in Sources */,
			);
			runOnlyForDeploymentPostprocessing = 0;
		};
/* End PBXSourcesBuildPhase section */

/* Begin PBXTargetDependency section */
		A9A637391DC3437400545EC6 /* PBXTargetDependency */ = {
			isa = PBXTargetDependency;
			target = A9A6371D1DC3437400545EC6 /* ViewControllerFullScreen */;
			targetProxy = A9A637381DC3437400545EC6 /* PBXContainerItemProxy */;
		};
		A9A637441DC3437400545EC6 /* PBXTargetDependency */ = {
			isa = PBXTargetDependency;
			target = A9A6371D1DC3437400545EC6 /* ViewControllerFullScreen */;
			targetProxy = A9A637431DC3437400545EC6 /* PBXContainerItemProxy */;
		};
/* End PBXTargetDependency section */

/* Begin PBXVariantGroup section */
		A9A6372A1DC3437400545EC6 /* Main.storyboard */ = {
			isa = PBXVariantGroup;
			children = (
				A9A6372B1DC3437400545EC6 /* Base */,
			);
			name = Main.storyboard;
			sourceTree = "<group>";
		};
		A9A6372F1DC3437400545EC6 /* LaunchScreen.storyboard */ = {
			isa = PBXVariantGroup;
			children = (
				A9A637301DC3437400545EC6 /* Base */,
			);
			name = LaunchScreen.storyboard;
			sourceTree = "<group>";
		};
/* End PBXVariantGroup section */

/* Begin XCBuildConfiguration section */
		A9A637491DC3437400545EC6 /* Debug */ = {
			isa = XCBuildConfiguration;
			buildSettings = {
				ALWAYS_SEARCH_USER_PATHS = NO;
				CLANG_ANALYZER_NONNULL = YES;
				CLANG_CXX_LANGUAGE_STANDARD = "gnu++0x";
				CLANG_CXX_LIBRARY = "libc++";
				CLANG_ENABLE_MODULES = YES;
				CLANG_ENABLE_OBJC_ARC = YES;
				CLANG_WARN_BOOL_CONVERSION = YES;
				CLANG_WARN_CONSTANT_CONVERSION = YES;
				CLANG_WARN_DIRECT_OBJC_ISA_USAGE = YES_ERROR;
				CLANG_WARN_DOCUMENTATION_COMMENTS = YES;
				CLANG_WARN_EMPTY_BODY = YES;
				CLANG_WARN_ENUM_CONVERSION = YES;
				CLANG_WARN_INFINITE_RECURSION = YES;
				CLANG_WARN_INT_CONVERSION = YES;
				CLANG_WARN_OBJC_ROOT_CLASS = YES_ERROR;
				CLANG_WARN_SUSPICIOUS_MOVES = YES;
				CLANG_WARN_UNREACHABLE_CODE = YES;
				CLANG_WARN__DUPLICATE_METHOD_MATCH = YES;
				"CODE_SIGN_IDENTITY[sdk=iphoneos*]" = "iPhone Developer";
				COPY_PHASE_STRIP = NO;
				DEBUG_INFORMATION_FORMAT = dwarf;
				ENABLE_STRICT_OBJC_MSGSEND = YES;
				ENABLE_TESTABILITY = YES;
				GCC_C_LANGUAGE_STANDARD = gnu99;
				GCC_DYNAMIC_NO_PIC = NO;
				GCC_NO_COMMON_BLOCKS = YES;
				GCC_OPTIMIZATION_LEVEL = 0;
				GCC_PREPROCESSOR_DEFINITIONS = (
					"DEBUG=1",
					"$(inherited)",
				);
				GCC_WARN_64_TO_32_BIT_CONVERSION = YES;
				GCC_WARN_ABOUT_RETURN_TYPE = YES_ERROR;
				GCC_WARN_UNDECLARED_SELECTOR = YES;
				GCC_WARN_UNINITIALIZED_AUTOS = YES_AGGRESSIVE;
				GCC_WARN_UNUSED_FUNCTION = YES;
				GCC_WARN_UNUSED_VARIABLE = YES;
				IPHONEOS_DEPLOYMENT_TARGET = 10.0;
				MTL_ENABLE_DEBUG_INFO = YES;
				ONLY_ACTIVE_ARCH = YES;
				SDKROOT = iphoneos;
				TARGETED_DEVICE_FAMILY = "1,2";
			};
			name = Debug;
		};
		A9A6374A1DC3437400545EC6 /* Release */ = {
			isa = XCBuildConfiguration;
			buildSettings = {
				ALWAYS_SEARCH_USER_PATHS = NO;
				CLANG_ANALYZER_NONNULL = YES;
				CLANG_CXX_LANGUAGE_STANDARD = "gnu++0x";
				CLANG_CXX_LIBRARY = "libc++";
				CLANG_ENABLE_MODULES = YES;
				CLANG_ENABLE_OBJC_ARC = YES;
				CLANG_WARN_BOOL_CONVERSION = YES;
				CLANG_WARN_CONSTANT_CONVERSION = YES;
				CLANG_WARN_DIRECT_OBJC_ISA_USAGE = YES_ERROR;
				CLANG_WARN_DOCUMENTATION_COMMENTS = YES;
				CLANG_WARN_EMPTY_BODY = YES;
				CLANG_WARN_ENUM_CONVERSION = YES;
				CLANG_WARN_INFINITE_RECURSION = YES;
				CLANG_WARN_INT_CONVERSION = YES;
				CLANG_WARN_OBJC_ROOT_CLASS = YES_ERROR;
				CLANG_WARN_SUSPICIOUS_MOVES = YES;
				CLANG_WARN_UNREACHABLE_CODE = YES;
				CLANG_WARN__DUPLICATE_METHOD_MATCH = YES;
				"CODE_SIGN_IDENTITY[sdk=iphoneos*]" = "iPhone Developer";
				COPY_PHASE_STRIP = NO;
				DEBUG_INFORMATION_FORMAT = "dwarf-with-dsym";
				ENABLE_NS_ASSERTIONS = NO;
				ENABLE_STRICT_OBJC_MSGSEND = YES;
				GCC_C_LANGUAGE_STANDARD = gnu99;
				GCC_NO_COMMON_BLOCKS = YES;
				GCC_WARN_64_TO_32_BIT_CONVERSION = YES;
				GCC_WARN_ABOUT_RETURN_TYPE = YES_ERROR;
				GCC_WARN_UNDECLARED_SELECTOR = YES;
				GCC_WARN_UNINITIALIZED_AUTOS = YES_AGGRESSIVE;
				GCC_WARN_UNUSED_FUNCTION = YES;
				GCC_WARN_UNUSED_VARIABLE = YES;
				IPHONEOS_DEPLOYMENT_TARGET = 10.0;
				MTL_ENABLE_DEBUG_INFO = NO;
				SDKROOT = iphoneos;
				TARGETED_DEVICE_FAMILY = "1,2";
				VALIDATE_PRODUCT = YES;
			};
			name = Release;
		};
		A9A6374C1DC3437400545EC6 /* Debug */ = {
			isa = XCBuildConfiguration;
			buildSettings = {
				ASSETCATALOG_COMPILER_APPICON_NAME = AppIcon;
				INFOPLIST_FILE = ViewControllerFullScreen/Info.plist;
				LD_RUNPATH_SEARCH_PATHS = "$(inherited) @executable_path/Frameworks";
				PRODUCT_BUNDLE_IDENTIFIER = com.ylchun.ViewControllerFullScreen;
				PRODUCT_NAME = "$(TARGET_NAME)";
			};
			name = Debug;
		};
		A9A6374D1DC3437400545EC6 /* Release */ = {
			isa = XCBuildConfiguration;
			buildSettings = {
				ASSETCATALOG_COMPILER_APPICON_NAME = AppIcon;
				INFOPLIST_FILE = ViewControllerFullScreen/Info.plist;
				LD_RUNPATH_SEARCH_PATHS = "$(inherited) @executable_path/Frameworks";
				PRODUCT_BUNDLE_IDENTIFIER = com.ylchun.ViewControllerFullScreen;
				PRODUCT_NAME = "$(TARGET_NAME)";
			};
			name = Release;
		};
		A9A6374F1DC3437400545EC6 /* Debug */ = {
			isa = XCBuildConfiguration;
			buildSettings = {
				BUNDLE_LOADER = "$(TEST_HOST)";
				INFOPLIST_FILE = ViewControllerFullScreenTests/Info.plist;
				LD_RUNPATH_SEARCH_PATHS = "$(inherited) @executable_path/Frameworks @loader_path/Frameworks";
				PRODUCT_BUNDLE_IDENTIFIER = com.ylchun.ViewControllerFullScreenTests;
				PRODUCT_NAME = "$(TARGET_NAME)";
				TEST_HOST = "$(BUILT_PRODUCTS_DIR)/ViewControllerFullScreen.app/ViewControllerFullScreen";
			};
			name = Debug;
		};
		A9A637501DC3437400545EC6 /* Release */ = {
			isa = XCBuildConfiguration;
			buildSettings = {
				BUNDLE_LOADER = "$(TEST_HOST)";
				INFOPLIST_FILE = ViewControllerFullScreenTests/Info.plist;
				LD_RUNPATH_SEARCH_PATHS = "$(inherited) @executable_path/Frameworks @loader_path/Frameworks";
				PRODUCT_BUNDLE_IDENTIFIER = com.ylchun.ViewControllerFullScreenTests;
				PRODUCT_NAME = "$(TARGET_NAME)";
				TEST_HOST = "$(BUILT_PRODUCTS_DIR)/ViewControllerFullScreen.app/ViewControllerFullScreen";
			};
			name = Release;
		};
		A9A637521DC3437400545EC6 /* Debug */ = {
			isa = XCBuildConfiguration;
			buildSettings = {
				INFOPLIST_FILE = ViewControllerFullScreenUITests/Info.plist;
				LD_RUNPATH_SEARCH_PATHS = "$(inherited) @executable_path/Frameworks @loader_path/Frameworks";
				PRODUCT_BUNDLE_IDENTIFIER = com.ylchun.ViewControllerFullScreenUITests;
				PRODUCT_NAME = "$(TARGET_NAME)";
				TEST_TARGET_NAME = ViewControllerFullScreen;
			};
			name = Debug;
		};
		A9A637531DC3437400545EC6 /* Release */ = {
			isa = XCBuildConfiguration;
			buildSettings = {
				INFOPLIST_FILE = ViewControllerFullScreenUITests/Info.plist;
				LD_RUNPATH_SEARCH_PATHS = "$(inherited) @executable_path/Frameworks @loader_path/Frameworks";
				PRODUCT_BUNDLE_IDENTIFIER = com.ylchun.ViewControllerFullScreenUITests;
				PRODUCT_NAME = "$(TARGET_NAME)";
				TEST_TARGET_NAME = ViewControllerFullScreen;
			};
			name = Release;
		};
/* End XCBuildConfiguration section */

/* Begin XCConfigurationList section */
		A9A637191DC3437400545EC6 /* Build configuration list for PBXProject "ViewControllerFullScreen" */ = {
			isa = XCConfigurationList;
			buildConfigurations = (
				A9A637491DC3437400545EC6 /* Debug */,
				A9A6374A1DC3437400545EC6 /* Release */,
			);
			defaultConfigurationIsVisible = 0;
			defaultConfigurationName = Release;
		};
		A9A6374B1DC3437400545EC6 /* Build configuration list for PBXNativeTarget "ViewControllerFullScreen" */ = {
			isa = XCConfigurationList;
			buildConfigurations = (
				A9A6374C1DC3437400545EC6 /* Debug */,
				A9A6374D1DC3437400545EC6 /* Release */,
			);
			defaultConfigurationIsVisible = 0;
			defaultConfigurationName = Release;
		};
		A9A6374E1DC3437400545EC6 /* Build configuration list for PBXNativeTarget "ViewControllerFullScreenTests" */ = {
			isa = XCConfigurationList;
			buildConfigurations = (
				A9A6374F1DC3437400545EC6 /* Debug */,
				A9A637501DC3437400545EC6 /* Release */,
			);
			defaultConfigurationIsVisible = 0;
			defaultConfigurationName = Release;
		};
		A9A637511DC3437400545EC6 /* Build configuration list for PBXNativeTarget "ViewControllerFullScreenUITests" */ = {
			isa = XCConfigurationList;
			buildConfigurations = (
				A9A637521DC3437400545EC6 /* Debug */,
				A9A637531DC3437400545EC6 /* Release */,
			);
			defaultConfigurationIsVisible = 0;
			defaultConfigurationName = Release;
		};
/* End XCConfigurationList section */
	};
	rootObject = A9A637161DC3437400545EC6 /* Project object */;
}
